
Microsoft Visual Studio Solution File, Format Version 12.00
# Visual Studio Version 17
VisualStudioVersion = 17.6.33815.320
MinimumVisualStudioVersion = 10.0.40219.1
Project("{9A19103F-16F7-4668-BE54-9A1E7A4F7556}") = "BillCalculator", "Lab2Fixed\BillCalculator.csproj", "{9283DBDF-6F24-4E64-98AC-419FB2C132B8}"
EndProject
Project("{9A19103F-16F7-4668-BE54-9A1E7A4F7556}") = "ClassLibrary", "ClassLibrary\ClassLibrary.csproj", "{1A4E31B4-8AF6-46FC-AA50-7FD5BD8D1809}"
EndProject
Global
	GlobalSection(SolutionConfigurationPlatforms) = preSolution
		Debug|Any CPU = Debug|Any CPU
		Release|Any CPU = Release|Any CPU
	EndGlobalSection
	GlobalSection(ProjectConfigurationPlatforms) = postSolution
		{9283DBDF-6F24-4E64-98AC-419FB2C132B8}.Debug|Any CPU.ActiveCfg = Debug|Any CPU
		{9283DBDF-6F24-4E64-98AC-419FB2C132B8}.Debug|Any CPU.Build.0 = Debug|Any CPU
		{9283DBDF-6F24-4E64-98AC-419FB2C132B8}.Release|Any CPU.ActiveCfg = Release|Any CPU
		{9283DBDF-6F24-4E64-98AC-419FB2C132B8}.Release|Any CPU.Build.0 = Release|Any CPU
		{1A4E31B4-8AF6-46FC-AA50-7FD5BD8D1809}.Debug|Any CPU.ActiveCfg = Debug|Any CPU
		{1A4E31B4-8AF6-46FC-AA50-7FD5BD8D1809}.Debug|Any CPU.Build.0 = Debug|Any CPU
		{1A4E31B4-8AF6-46FC-AA50-7FD5BD8D1809}.Release|Any CPU.ActiveCfg = Release|Any CPU
		{1A4E31B4-8AF6-46FC-AA50-7FD5BD8D1809}.Release|Any CPU.Build.0 = Release|Any CPU
	EndGlobalSection
	GlobalSection(SolutionProperties) = preSolution
		HideSolutionNode = FALSE
	EndGlobalSection
	GlobalSection(ExtensibilityGlobals) = postSolution
		SolutionGuid = {69F39256-C155-4984-B865-254B88BE19D2}
	EndGlobalSection
EndGlobal
